
Microsoft Visual Studio Solution File, Format Version 12.00
# Visual Studio Version 17
VisualStudioVersion = 17.8.34330.188
MinimumVisualStudioVersion = 10.0.40219.1
Project("{9A19103F-16F7-4668-BE54-9A1E7A4F7556}") = "Apps", "Apps\Apps.csproj", "{DC0F9B8E-9241-413A-9C9C-19534B815FCD}"
EndProject
Project("{9A19103F-16F7-4668-BE54-9A1E7A4F7556}") = "DataStructurs", "DataStructurs\DataStructurs.csproj", "{B5074294-41B5-48A2-9534-54E2D2200097}"
EndProject
Global
	GlobalSection(SolutionConfigurationPlatforms) = preSolution
		Debug|Any CPU = Debug|Any CPU
		Release|Any CPU = Release|Any CPU
	EndGlobalSection
	GlobalSection(ProjectConfigurationPlatforms) = postSolution
		{DC0F9B8E-9241-413A-9C9C-19534B815FCD}.Debug|Any CPU.ActiveCfg = Debug|Any CPU
		{DC0F9B8E-9241-413A-9C9C-19534B815FCD}.Debug|Any CPU.Build.0 = Debug|Any CPU
		{DC0F9B8E-9241-413A-9C9C-19534B815FCD}.Release|Any CPU.ActiveCfg = Release|Any CPU
		{DC0F9B8E-9241-413A-9C9C-19534B815FCD}.Release|Any CPU.Build.0 = Release|Any CPU
		{B5074294-41B5-48A2-9534-54E2D2200097}.Debug|Any CPU.ActiveCfg = Debug|Any CPU
		{B5074294-41B5-48A2-9534-54E2D2200097}.Debug|Any CPU.Build.0 = Debug|Any CPU
		{B5074294-41B5-48A2-9534-54E2D2200097}.Release|Any CPU.ActiveCfg = Release|Any CPU
		{B5074294-41B5-48A2-9534-54E2D2200097}.Release|Any CPU.Build.0 = Release|Any CPU
	EndGlobalSection
	GlobalSection(SolutionProperties) = preSolution
		HideSolutionNode = FALSE
	EndGlobalSection
	GlobalSection(ExtensibilityGlobals) = postSolution
		SolutionGuid = {E50CBE64-03CB-4706-9C35-25622165AB6F}
	EndGlobalSection
EndGlobal
